
Microsoft Visual Studio Solution File, Format Version 12.00
# Visual Studio Version 16
VisualStudioVersion = 16.0.29021.104
MinimumVisualStudioVersion = 15.0.26124.0
Project("{9A19103F-16F7-4668-BE54-9A1E7A4F7556}") = "Frostbyte", "src\Frostbyte.csproj", "{5B185373-4676-4952-9BC0-E6776BF340A4}"
EndProject
Project("{2150E333-8FDC-42A3-9474-1A3956D46DE8}") = "Solution Items", "Solution Items", "{2A03872D-D8C9-4558-8491-AC2C3035E641}"
	ProjectSection(SolutionItems) = preProject
		.gitignore = .gitignore
		.travis.yml = .travis.yml
		LICENSE = LICENSE
		nuget.config = nuget.config
		README.md = README.md
	EndProjectSection
EndProject
Global
	GlobalSection(SolutionConfigurationPlatforms) = preSolution
		Debug|Any CPU = Debug|Any CPU
		Debug|x64 = Debug|x64
		Debug|x86 = Debug|x86
		Release|Any CPU = Release|Any CPU
		Release|x64 = Release|x64
		Release|x86 = Release|x86
	EndGlobalSection
	GlobalSection(ProjectConfigurationPlatforms) = postSolution
		{5B185373-4676-4952-9BC0-E6776BF340A4}.Debug|Any CPU.ActiveCfg = Debug|Any CPU
		{5B185373-4676-4952-9BC0-E6776BF340A4}.Debug|Any CPU.Build.0 = Debug|Any CPU
		{5B185373-4676-4952-9BC0-E6776BF340A4}.Debug|x64.ActiveCfg = Debug|Any CPU
		{5B185373-4676-4952-9BC0-E6776BF340A4}.Debug|x64.Build.0 = Debug|Any CPU
		{5B185373-4676-4952-9BC0-E6776BF340A4}.Debug|x86.ActiveCfg = Debug|Any CPU
		{5B185373-4676-4952-9BC0-E6776BF340A4}.Debug|x86.Build.0 = Debug|Any CPU
		{5B185373-4676-4952-9BC0-E6776BF340A4}.Release|Any CPU.ActiveCfg = Release|Any CPU
		{5B185373-4676-4952-9BC0-E6776BF340A4}.Release|Any CPU.Build.0 = Release|Any CPU
		{5B185373-4676-4952-9BC0-E6776BF340A4}.Release|x64.ActiveCfg = Release|Any CPU
		{5B185373-4676-4952-9BC0-E6776BF340A4}.Release|x64.Build.0 = Release|Any CPU
		{5B185373-4676-4952-9BC0-E6776BF340A4}.Release|x86.ActiveCfg = Release|Any CPU
		{5B185373-4676-4952-9BC0-E6776BF340A4}.Release|x86.Build.0 = Release|Any CPU
	EndGlobalSection
	GlobalSection(SolutionProperties) = preSolution
		HideSolutionNode = FALSE
	EndGlobalSection
	GlobalSection(ExtensibilityGlobals) = postSolution
		SolutionGuid = {8E9E5EE1-934D-4D4F-B418-A6CD966754C3}
	EndGlobalSection
EndGlobal
