
Microsoft Visual Studio Solution File, Format Version 12.00
# Visual Studio Version 16
VisualStudioVersion = 16.0.28803.352
MinimumVisualStudioVersion = 10.0.40219.1
Project("{9A19103F-16F7-4668-BE54-9A1E7A4F7556}") = "Frostbyte", "Frostbyte\Frostbyte.csproj", "{7238491E-87A2-4D59-82A1-8BA407E602DD}"
EndProject
Project("{FAE04EC0-301F-11D3-BF4B-00C04F79EFBC}") = "Frostbyte.Tests", "Frostbyte.Tests\Frostbyte.Tests.csproj", "{3F1BEE62-DEA8-46AC-AF20-280F0D693B53}"
EndProject
Global
	GlobalSection(SolutionConfigurationPlatforms) = preSolution
		Debug|Any CPU = Debug|Any CPU
		Release|Any CPU = Release|Any CPU
	EndGlobalSection
	GlobalSection(ProjectConfigurationPlatforms) = postSolution
		{7238491E-87A2-4D59-82A1-8BA407E602DD}.Debug|Any CPU.ActiveCfg = Debug|Any CPU
		{7238491E-87A2-4D59-82A1-8BA407E602DD}.Debug|Any CPU.Build.0 = Debug|Any CPU
		{7238491E-87A2-4D59-82A1-8BA407E602DD}.Release|Any CPU.ActiveCfg = Release|Any CPU
		{7238491E-87A2-4D59-82A1-8BA407E602DD}.Release|Any CPU.Build.0 = Release|Any CPU
		{3F1BEE62-DEA8-46AC-AF20-280F0D693B53}.Debug|Any CPU.ActiveCfg = Debug|Any CPU
		{3F1BEE62-DEA8-46AC-AF20-280F0D693B53}.Debug|Any CPU.Build.0 = Debug|Any CPU
		{3F1BEE62-DEA8-46AC-AF20-280F0D693B53}.Release|Any CPU.ActiveCfg = Release|Any CPU
		{3F1BEE62-DEA8-46AC-AF20-280F0D693B53}.Release|Any CPU.Build.0 = Release|Any CPU
	EndGlobalSection
	GlobalSection(SolutionProperties) = preSolution
		HideSolutionNode = FALSE
	EndGlobalSection
	GlobalSection(ExtensibilityGlobals) = postSolution
		SolutionGuid = {CB41B18D-5A55-4EC6-AEF5-DAAD84FF7906}
	EndGlobalSection
EndGlobal
